
Microsoft Visual Studio Solution File, Format Version 12.00
# Visual Studio Version 16
VisualStudioVersion = 16.0.31424.327
MinimumVisualStudioVersion = 10.0.40219.1
Project("{FAE04EC0-301F-11D3-BF4B-00C04F79EFBC}") = "WordTest", "WordTest.csproj", "{AFF594FC-7C32-49BB-93C3-42FD73175B01}"
EndProject
Global
	GlobalSection(SolutionConfigurationPlatforms) = preSolution
		Debug|Any CPU = Debug|Any CPU
		Release|Any CPU = Release|Any CPU
	EndGlobalSection
	GlobalSection(ProjectConfigurationPlatforms) = postSolution
		{AFF594FC-7C32-49BB-93C3-42FD73175B01}.Debug|Any CPU.ActiveCfg = Debug|Any CPU
		{AFF594FC-7C32-49BB-93C3-42FD73175B01}.Debug|Any CPU.Build.0 = Debug|Any CPU
		{AFF594FC-7C32-49BB-93C3-42FD73175B01}.Release|Any CPU.ActiveCfg = Release|Any CPU
		{AFF594FC-7C32-49BB-93C3-42FD73175B01}.Release|Any CPU.Build.0 = Release|Any CPU
	EndGlobalSection
	GlobalSection(SolutionProperties) = preSolution
		HideSolutionNode = FALSE
	EndGlobalSection
	GlobalSection(ExtensibilityGlobals) = postSolution
		SolutionGuid = {3BA93EA6-84E7-4ABB-98A9-FD3F0C73F8A6}
	EndGlobalSection
EndGlobal
